
Microsoft Visual Studio Solution File, Format Version 12.00
# Visual Studio 15
VisualStudioVersion = 15.0.27428.2037
MinimumVisualStudioVersion = 10.0.40219.1
Project("{FAE04EC0-301F-11D3-BF4B-00C04F79EFBC}") = "Casestudy", "Casestudy\Casestudy.csproj", "{6CAB4BA4-CB67-4033-A617-7AA4B7490FE6}"
EndProject
Global
	GlobalSection(SolutionConfigurationPlatforms) = preSolution
		Debug|Any CPU = Debug|Any CPU
		Release|Any CPU = Release|Any CPU
	EndGlobalSection
	GlobalSection(ProjectConfigurationPlatforms) = postSolution
		{6CAB4BA4-CB67-4033-A617-7AA4B7490FE6}.Debug|Any CPU.ActiveCfg = Debug|Any CPU
		{6CAB4BA4-CB67-4033-A617-7AA4B7490FE6}.Debug|Any CPU.Build.0 = Debug|Any CPU
		{6CAB4BA4-CB67-4033-A617-7AA4B7490FE6}.Release|Any CPU.ActiveCfg = Release|Any CPU
		{6CAB4BA4-CB67-4033-A617-7AA4B7490FE6}.Release|Any CPU.Build.0 = Release|Any CPU
	EndGlobalSection
	GlobalSection(SolutionProperties) = preSolution
		HideSolutionNode = FALSE
	EndGlobalSection
	GlobalSection(ExtensibilityGlobals) = postSolution
		SolutionGuid = {FCDA736C-0A4D-4987-91F4-3EA937403798}
	EndGlobalSection
EndGlobal
